
Microsoft Visual Studio Solution File, Format Version 12.00
# Visual Studio Version 16
VisualStudioVersion = 16.0.30413.136
MinimumVisualStudioVersion = 10.0.40219.1
Project("{9A19103F-16F7-4668-BE54-9A1E7A4F7556}") = "CountryServices", "CountryServices\CountryServices.csproj", "{D46BCABE-51D3-47D3-B31D-F5D7763449CF}"
EndProject
Project("{FAE04EC0-301F-11D3-BF4B-00C04F79EFBC}") = "CountryServices.Tests", "CountryServices.Tests\CountryServices.Tests.csproj", "{89311B02-0C42-4A1E-A759-8C5B2824BF6C}"
EndProject
Global
	GlobalSection(SolutionConfigurationPlatforms) = preSolution
		Debug|Any CPU = Debug|Any CPU
		Release|Any CPU = Release|Any CPU
	EndGlobalSection
	GlobalSection(ProjectConfigurationPlatforms) = postSolution
		{D46BCABE-51D3-47D3-B31D-F5D7763449CF}.Debug|Any CPU.ActiveCfg = Debug|Any CPU
		{D46BCABE-51D3-47D3-B31D-F5D7763449CF}.Debug|Any CPU.Build.0 = Debug|Any CPU
		{D46BCABE-51D3-47D3-B31D-F5D7763449CF}.Release|Any CPU.ActiveCfg = Release|Any CPU
		{D46BCABE-51D3-47D3-B31D-F5D7763449CF}.Release|Any CPU.Build.0 = Release|Any CPU
		{89311B02-0C42-4A1E-A759-8C5B2824BF6C}.Debug|Any CPU.ActiveCfg = Debug|Any CPU
		{89311B02-0C42-4A1E-A759-8C5B2824BF6C}.Debug|Any CPU.Build.0 = Debug|Any CPU
		{89311B02-0C42-4A1E-A759-8C5B2824BF6C}.Release|Any CPU.ActiveCfg = Release|Any CPU
		{89311B02-0C42-4A1E-A759-8C5B2824BF6C}.Release|Any CPU.Build.0 = Release|Any CPU
	EndGlobalSection
	GlobalSection(SolutionProperties) = preSolution
		HideSolutionNode = FALSE
	EndGlobalSection
	GlobalSection(ExtensibilityGlobals) = postSolution
		SolutionGuid = {C1BB52AC-E86C-4699-A259-96349E0F12B5}
	EndGlobalSection
EndGlobal
